
Microsoft Visual Studio Solution File, Format Version 12.00
# Visual Studio Version 16
VisualStudioVersion = 16.0.31025.194
MinimumVisualStudioVersion = 10.0.40219.1
Project("{2150E333-8FDC-42A3-9474-1A3956D46DE8}") = "Microservices", "Microservices", "{34379EF9-9B29-490E-9803-7F4FEF77A28A}"
EndProject
Project("{2150E333-8FDC-42A3-9474-1A3956D46DE8}") = "Domain", "Domain", "{ACFAF4F4-1AC8-4735-BFFB-B5CD4844D07D}"
EndProject
Project("{2150E333-8FDC-42A3-9474-1A3956D46DE8}") = "Infra.Bus", "Infra.Bus", "{D499393B-BCFD-4AA6-8265-8D7556D9FD00}"
EndProject
Project("{2150E333-8FDC-42A3-9474-1A3956D46DE8}") = "Infra.IOC", "Infra.IOC", "{CD0C5540-BDEA-4138-921C-3A31A6FDC7EB}"
EndProject
Project("{2150E333-8FDC-42A3-9474-1A3956D46DE8}") = "Presentation", "Presentation", "{82932E42-7F55-4485-AD85-9C396584ECAF}"
EndProject
Project("{FAE04EC0-301F-11D3-BF4B-00C04F79EFBC}") = "MicroRabbit.Domain.Core", "MicroRabbit.Domain.Core\MicroRabbit.Domain.Core.csproj", "{B98617D7-31C9-4BAF-B38F-CE8BE82E4F1A}"
EndProject
Project("{FAE04EC0-301F-11D3-BF4B-00C04F79EFBC}") = "MicroRabbit.Infra.Bus", "MicroRabbit.Infra.Bus\MicroRabbit.Infra.Bus.csproj", "{9650A65E-1C77-4614-8E96-2035D6CB0547}"
EndProject
Project("{FAE04EC0-301F-11D3-BF4B-00C04F79EFBC}") = "MicroRabbit.Infra.IoC", "MicroRabbit.Infra.IoC\MicroRabbit.Infra.IoC.csproj", "{4418C2FA-A3B5-4D41-87B2-5193059A94E4}"
EndProject
Global
	GlobalSection(SolutionConfigurationPlatforms) = preSolution
		Debug|Any CPU = Debug|Any CPU
		Release|Any CPU = Release|Any CPU
	EndGlobalSection
	GlobalSection(ProjectConfigurationPlatforms) = postSolution
		{B98617D7-31C9-4BAF-B38F-CE8BE82E4F1A}.Debug|Any CPU.ActiveCfg = Debug|Any CPU
		{B98617D7-31C9-4BAF-B38F-CE8BE82E4F1A}.Debug|Any CPU.Build.0 = Debug|Any CPU
		{B98617D7-31C9-4BAF-B38F-CE8BE82E4F1A}.Release|Any CPU.ActiveCfg = Release|Any CPU
		{B98617D7-31C9-4BAF-B38F-CE8BE82E4F1A}.Release|Any CPU.Build.0 = Release|Any CPU
		{9650A65E-1C77-4614-8E96-2035D6CB0547}.Debug|Any CPU.ActiveCfg = Debug|Any CPU
		{9650A65E-1C77-4614-8E96-2035D6CB0547}.Debug|Any CPU.Build.0 = Debug|Any CPU
		{9650A65E-1C77-4614-8E96-2035D6CB0547}.Release|Any CPU.ActiveCfg = Release|Any CPU
		{9650A65E-1C77-4614-8E96-2035D6CB0547}.Release|Any CPU.Build.0 = Release|Any CPU
		{4418C2FA-A3B5-4D41-87B2-5193059A94E4}.Debug|Any CPU.ActiveCfg = Debug|Any CPU
		{4418C2FA-A3B5-4D41-87B2-5193059A94E4}.Debug|Any CPU.Build.0 = Debug|Any CPU
		{4418C2FA-A3B5-4D41-87B2-5193059A94E4}.Release|Any CPU.ActiveCfg = Release|Any CPU
		{4418C2FA-A3B5-4D41-87B2-5193059A94E4}.Release|Any CPU.Build.0 = Release|Any CPU
	EndGlobalSection
	GlobalSection(SolutionProperties) = preSolution
		HideSolutionNode = FALSE
	EndGlobalSection
	GlobalSection(NestedProjects) = preSolution
		{B98617D7-31C9-4BAF-B38F-CE8BE82E4F1A} = {ACFAF4F4-1AC8-4735-BFFB-B5CD4844D07D}
		{9650A65E-1C77-4614-8E96-2035D6CB0547} = {D499393B-BCFD-4AA6-8265-8D7556D9FD00}
		{4418C2FA-A3B5-4D41-87B2-5193059A94E4} = {CD0C5540-BDEA-4138-921C-3A31A6FDC7EB}
	EndGlobalSection
	GlobalSection(ExtensibilityGlobals) = postSolution
		SolutionGuid = {9CDB73EC-EAD2-44DD-96D3-F8DBB871B395}
	EndGlobalSection
EndGlobal
