
Microsoft Visual Studio Solution File, Format Version 12.00
# Visual Studio Version 16
VisualStudioVersion = 16.0.31025.194
MinimumVisualStudioVersion = 10.0.40219.1
Project("{2150E333-8FDC-42A3-9474-1A3956D46DE8}") = "Microservices", "Microservices", "{34379EF9-9B29-490E-9803-7F4FEF77A28A}"
EndProject
Project("{2150E333-8FDC-42A3-9474-1A3956D46DE8}") = "Domain", "Domain", "{ACFAF4F4-1AC8-4735-BFFB-B5CD4844D07D}"
EndProject
Project("{2150E333-8FDC-42A3-9474-1A3956D46DE8}") = "Infra.Bus", "Infra.Bus", "{D499393B-BCFD-4AA6-8265-8D7556D9FD00}"
EndProject
Project("{2150E333-8FDC-42A3-9474-1A3956D46DE8}") = "Infra.IOC", "Infra.IOC", "{CD0C5540-BDEA-4138-921C-3A31A6FDC7EB}"
EndProject
Project("{2150E333-8FDC-42A3-9474-1A3956D46DE8}") = "Presentation", "Presentation", "{82932E42-7F55-4485-AD85-9C396584ECAF}"
EndProject
Project("{FAE04EC0-301F-11D3-BF4B-00C04F79EFBC}") = "MicroRabbit.Domain.Core", "MicroRabbit.Domain.Core\MicroRabbit.Domain.Core.csproj", "{B98617D7-31C9-4BAF-B38F-CE8BE82E4F1A}"
EndProject
Project("{FAE04EC0-301F-11D3-BF4B-00C04F79EFBC}") = "MicroRabbit.Infra.Bus", "MicroRabbit.Infra.Bus\MicroRabbit.Infra.Bus.csproj", "{9650A65E-1C77-4614-8E96-2035D6CB0547}"
EndProject
Project("{FAE04EC0-301F-11D3-BF4B-00C04F79EFBC}") = "MicroRabbit.Infra.IoC", "MicroRabbit.Infra.IoC\MicroRabbit.Infra.IoC.csproj", "{4418C2FA-A3B5-4D41-87B2-5193059A94E4}"
EndProject
Project("{2150E333-8FDC-42A3-9474-1A3956D46DE8}") = "Banking", "Banking", "{495102C8-6025-49D2-91D6-204D1C825235}"
EndProject
Project("{2150E333-8FDC-42A3-9474-1A3956D46DE8}") = "API", "API", "{3792CC9F-AB17-4ECF-8105-663057B9B286}"
EndProject
Project("{2150E333-8FDC-42A3-9474-1A3956D46DE8}") = "Domain", "Domain", "{92319233-77C8-4C2A-9199-736E299FAE18}"
EndProject
Project("{2150E333-8FDC-42A3-9474-1A3956D46DE8}") = "Application", "Application", "{45CFA0E5-169D-4B2C-BF02-72D60A51798A}"
EndProject
Project("{2150E333-8FDC-42A3-9474-1A3956D46DE8}") = "Data", "Data", "{A65B2FBC-9C48-4963-8A78-C7F1DD3EE0B5}"
EndProject
Project("{FAE04EC0-301F-11D3-BF4B-00C04F79EFBC}") = "MicroRabbit.Banking.API", "MicroRabbit.Banking.API\MicroRabbit.Banking.API.csproj", "{A21B3437-7763-4D49-A94D-35C844138F0D}"
EndProject
Project("{FAE04EC0-301F-11D3-BF4B-00C04F79EFBC}") = "MicroRabbit.Banking.Application", "MicroRabbit.Banking.Application\MicroRabbit.Banking.Application.csproj", "{52ADDD91-5847-42A4-ACAA-097FC7FE8DC7}"
EndProject
Project("{FAE04EC0-301F-11D3-BF4B-00C04F79EFBC}") = "MicroRabbit.Banking.Data", "MicroRabbit.Banking.Data\MicroRabbit.Banking.Data.csproj", "{354EC29B-FAB1-4AEC-A61B-F1C9E7D731C2}"
EndProject
Project("{FAE04EC0-301F-11D3-BF4B-00C04F79EFBC}") = "MicroRabbit.Banking.Domain", "MicroRabbit.Banking.Domain\MicroRabbit.Banking.Domain.csproj", "{99A26D82-6247-4ECA-9FE1-8BF66E208044}"
EndProject
Global
	GlobalSection(SolutionConfigurationPlatforms) = preSolution
		Debug|Any CPU = Debug|Any CPU
		Release|Any CPU = Release|Any CPU
	EndGlobalSection
	GlobalSection(ProjectConfigurationPlatforms) = postSolution
		{B98617D7-31C9-4BAF-B38F-CE8BE82E4F1A}.Debug|Any CPU.ActiveCfg = Debug|Any CPU
		{B98617D7-31C9-4BAF-B38F-CE8BE82E4F1A}.Debug|Any CPU.Build.0 = Debug|Any CPU
		{B98617D7-31C9-4BAF-B38F-CE8BE82E4F1A}.Release|Any CPU.ActiveCfg = Release|Any CPU
		{B98617D7-31C9-4BAF-B38F-CE8BE82E4F1A}.Release|Any CPU.Build.0 = Release|Any CPU
		{9650A65E-1C77-4614-8E96-2035D6CB0547}.Debug|Any CPU.ActiveCfg = Debug|Any CPU
		{9650A65E-1C77-4614-8E96-2035D6CB0547}.Debug|Any CPU.Build.0 = Debug|Any CPU
		{9650A65E-1C77-4614-8E96-2035D6CB0547}.Release|Any CPU.ActiveCfg = Release|Any CPU
		{9650A65E-1C77-4614-8E96-2035D6CB0547}.Release|Any CPU.Build.0 = Release|Any CPU
		{4418C2FA-A3B5-4D41-87B2-5193059A94E4}.Debug|Any CPU.ActiveCfg = Debug|Any CPU
		{4418C2FA-A3B5-4D41-87B2-5193059A94E4}.Debug|Any CPU.Build.0 = Debug|Any CPU
		{4418C2FA-A3B5-4D41-87B2-5193059A94E4}.Release|Any CPU.ActiveCfg = Release|Any CPU
		{4418C2FA-A3B5-4D41-87B2-5193059A94E4}.Release|Any CPU.Build.0 = Release|Any CPU
		{A21B3437-7763-4D49-A94D-35C844138F0D}.Debug|Any CPU.ActiveCfg = Debug|Any CPU
		{A21B3437-7763-4D49-A94D-35C844138F0D}.Debug|Any CPU.Build.0 = Debug|Any CPU
		{A21B3437-7763-4D49-A94D-35C844138F0D}.Release|Any CPU.ActiveCfg = Release|Any CPU
		{A21B3437-7763-4D49-A94D-35C844138F0D}.Release|Any CPU.Build.0 = Release|Any CPU
		{52ADDD91-5847-42A4-ACAA-097FC7FE8DC7}.Debug|Any CPU.ActiveCfg = Debug|Any CPU
		{52ADDD91-5847-42A4-ACAA-097FC7FE8DC7}.Debug|Any CPU.Build.0 = Debug|Any CPU
		{52ADDD91-5847-42A4-ACAA-097FC7FE8DC7}.Release|Any CPU.ActiveCfg = Release|Any CPU
		{52ADDD91-5847-42A4-ACAA-097FC7FE8DC7}.Release|Any CPU.Build.0 = Release|Any CPU
		{354EC29B-FAB1-4AEC-A61B-F1C9E7D731C2}.Debug|Any CPU.ActiveCfg = Debug|Any CPU
		{354EC29B-FAB1-4AEC-A61B-F1C9E7D731C2}.Debug|Any CPU.Build.0 = Debug|Any CPU
		{354EC29B-FAB1-4AEC-A61B-F1C9E7D731C2}.Release|Any CPU.ActiveCfg = Release|Any CPU
		{354EC29B-FAB1-4AEC-A61B-F1C9E7D731C2}.Release|Any CPU.Build.0 = Release|Any CPU
		{99A26D82-6247-4ECA-9FE1-8BF66E208044}.Debug|Any CPU.ActiveCfg = Debug|Any CPU
		{99A26D82-6247-4ECA-9FE1-8BF66E208044}.Debug|Any CPU.Build.0 = Debug|Any CPU
		{99A26D82-6247-4ECA-9FE1-8BF66E208044}.Release|Any CPU.ActiveCfg = Release|Any CPU
		{99A26D82-6247-4ECA-9FE1-8BF66E208044}.Release|Any CPU.Build.0 = Release|Any CPU
	EndGlobalSection
	GlobalSection(SolutionProperties) = preSolution
		HideSolutionNode = FALSE
	EndGlobalSection
	GlobalSection(NestedProjects) = preSolution
		{B98617D7-31C9-4BAF-B38F-CE8BE82E4F1A} = {ACFAF4F4-1AC8-4735-BFFB-B5CD4844D07D}
		{9650A65E-1C77-4614-8E96-2035D6CB0547} = {D499393B-BCFD-4AA6-8265-8D7556D9FD00}
		{4418C2FA-A3B5-4D41-87B2-5193059A94E4} = {CD0C5540-BDEA-4138-921C-3A31A6FDC7EB}
		{495102C8-6025-49D2-91D6-204D1C825235} = {34379EF9-9B29-490E-9803-7F4FEF77A28A}
		{3792CC9F-AB17-4ECF-8105-663057B9B286} = {495102C8-6025-49D2-91D6-204D1C825235}
		{92319233-77C8-4C2A-9199-736E299FAE18} = {495102C8-6025-49D2-91D6-204D1C825235}
		{45CFA0E5-169D-4B2C-BF02-72D60A51798A} = {495102C8-6025-49D2-91D6-204D1C825235}
		{A65B2FBC-9C48-4963-8A78-C7F1DD3EE0B5} = {495102C8-6025-49D2-91D6-204D1C825235}
		{A21B3437-7763-4D49-A94D-35C844138F0D} = {3792CC9F-AB17-4ECF-8105-663057B9B286}
		{52ADDD91-5847-42A4-ACAA-097FC7FE8DC7} = {45CFA0E5-169D-4B2C-BF02-72D60A51798A}
		{354EC29B-FAB1-4AEC-A61B-F1C9E7D731C2} = {A65B2FBC-9C48-4963-8A78-C7F1DD3EE0B5}
		{99A26D82-6247-4ECA-9FE1-8BF66E208044} = {92319233-77C8-4C2A-9199-736E299FAE18}
	EndGlobalSection
	GlobalSection(ExtensibilityGlobals) = postSolution
		SolutionGuid = {9CDB73EC-EAD2-44DD-96D3-F8DBB871B395}
	EndGlobalSection
EndGlobal
